{
  "version": 4,
  "terraform_version": "0.12.25",
  "serial": 11,
  "lineage": "0febb7be-e01f-c286-b9f9-65be3dfa31ec",
  "outputs": {},
  "resources": [
    {
      "mode": "managed",
      "type": "azurerm_iothub",
      "name": "iotHub",
      "provider": "provider.azurerm",
      "instances": [
        {
          "schema_version": 0,
          "attributes": {
            "endpoint": [
              {
                "batch_frequency_in_seconds": 60,
                "connection_string": "DefaultEndpointsProtocol=https;BlobEndpoint=https://trainingsayepk6.blob.core.windows.net/;AccountName=trainingsayepk6;AccountKey=****",
                "container_name": "trainingcoyepk6",
                "encoding": "avro",
                "file_name_format": "{iothub}/{YYYY}-{MM}-{DD}/{HH}-{mm}-{partition}",
                "max_chunk_size_in_bytes": 314572800,
                "name": "storage",
                "type": "AzureIotHub.StorageContainer"
              }
            ],
            "event_hub_events_endpoint": "sb://ihsuprodamres075dednamespace.servicebus.windows.net/",
            "event_hub_events_path": "iothub-ehub-demo-strea-3519497-4f79cd0407",
            "event_hub_operations_endpoint": "sb://ihsuprodamres032dednamespace.servicebus.windows.net/",
            "event_hub_operations_path": "iothub-ehub-demo-strea-3519497-758e632779",
            "fallback_route": [
              {
                "condition": "true",
                "enabled": false,
                "endpoint_names": [
                  "events"
                ],
                "source": "DeviceMessages"
              }
            ],
            "file_upload": [],
            "hostname": "demo-stream-iot-iothub.azure-devices.net",
            "id": "/subscriptions/53e27966-3c0c-4161-9b47-3df43eabc630/resourceGroups/testIoH-stream-iot/providers/Microsoft.Devices/IotHubs/demo-stream-iot-iothub",
            "ip_filter_rule": [],
            "location": "westeurope",
            "name": "demo-stream-iot-iothub",
            "resource_group_name": "testIoH-stream-iot",
            "route": [
              {
                "condition": "true",
                "enabled": true,
                "endpoint_names": [
                  "events"
                ],
                "name": "deviceToEvents",
                "source": "DeviceMessages"
              },
              {
                "condition": "true",
                "enabled": true,
                "endpoint_names": [
                  "storage"
                ],
                "name": "deviceToStorage",
                "source": "DeviceMessages"
              }
            ],
            "shared_access_policy": [
              {
                "key_name": "iothubowner",
                "permissions": "RegistryWrite, ServiceConnect, DeviceConnect",
                "primary_key": "0WGdkol9RB2AU66CvEn1fz1etrkSKI2nTYqH6hwJjMc=",
                "secondary_key": "LMt2Snt7PEDqZMzu7NXkt2m8iKOWa9Pr39iwG3d887A="
              },
              {
                "key_name": "service",
                "permissions": "ServiceConnect",
                "primary_key": "6EzhIKI4yK++tRa+bkar05SIagbeRAQqspMwkgf9r5Y=",
                "secondary_key": "wC3InfWrJeK/us+4YrqsLJO1Jjzv7SEsNrOI19KUPXo="
              },
              {
                "key_name": "device",
                "permissions": "DeviceConnect",
                "primary_key": "/srnOGTyjvjooVrsyMJ10WGiShhJzXUjFMxTc9gQv44=",
                "secondary_key": "xD8J9Qo08b2ILP2rMxPoYjQxqyIxtksCdOejruWJLkw="
              },
              {
                "key_name": "registryRead",
                "permissions": "RegistryRead",
                "primary_key": "1b37VXZWLTy0t0rg4VQG1VxPrIWbT4EEXz4ot78373Q=",
                "secondary_key": "yzeIT4lZCI0UjDZES8usS5YNqlQLGLZgKfb24XsJMrQ="
              },
              {
                "key_name": "registryReadWrite",
                "permissions": "RegistryWrite",
                "primary_key": "jcK1mN1X59wtCch4Zn9HXiyHf8AgFek60aBjmbFPEK8=",
                "secondary_key": "ntQm2uyUZ6asP6XZxnN4KjHk/nCHvtEC1JFDjNLCPJ4="
              }
            ],
            "sku": [
              {
                "capacity": 1,
                "name": "F1",
                "tier": "Free"
              }
            ],
            "tags": {},
            "type": "Microsoft.Devices/IotHubs"
          },
          "private": "bnVsbA==",
          "dependencies": [
            "azurerm_resource_group.testIoH",
            "azurerm_storage_account.storage-account",
            "azurerm_storage_container.storage-container",
            "random_string.random-name"
          ]
        }
      ]
    },
    {
      "mode": "managed",
      "type": "azurerm_iothub_consumer_group",
      "name": "consumer-group",
      "provider": "provider.azurerm",
      "instances": [
        {
          "schema_version": 0,
          "attributes": {
            "eventhub_endpoint_name": "events",
            "id": "/subscriptions/53e27966-3c0c-4161-9b47-3df43eabc630/resourceGroups/testIoH-stream-iot/providers/Microsoft.Devices/IotHubs/demo-stream-iot-iothub/eventHubEndpoints/events/ConsumerGroups/cgstreamanalytics",
            "iothub_name": "demo-stream-iot-iothub",
            "name": "cgstreamanalytics",
            "resource_group_name": "testIoH-stream-iot"
          },
          "private": "bnVsbA==",
          "dependencies": [
            "azurerm_iothub.iotHub",
            "azurerm_iothub_shared_access_policy.access-policy",
            "azurerm_resource_group.testIoH",
            "azurerm_storage_account.storage-account",
            "azurerm_storage_container.storage-container",
            "random_string.random-name"
          ]
        }
      ]
    },
    {
      "mode": "managed",
      "type": "azurerm_iothub_shared_access_policy",
      "name": "access-policy",
      "provider": "provider.azurerm",
      "instances": [
        {
          "schema_version": 0,
          "attributes": {
            "device_connect": false,
            "id": "/subscriptions/53e27966-3c0c-4161-9b47-3df43eabc630/resourceGroups/testIoH-stream-iot/providers/Microsoft.Devices/IotHubs/demo-stream-iot-iothub/IotHubKeys/access-streamanalytics",
            "iothub_name": "demo-stream-iot-iothub",
            "name": "access-streamanalytics",
            "primary_connection_string": "HostName=demo-stream-iot-iothub.azure-devices.net;SharedAccessKeyName=access-streamanalytics;SharedAccessKey=FQ3z2hJoqR/hgmRb/nJwy1J/L0uSH4o7zN4I/BuA9iE=",
            "primary_key": "FQ3z2hJoqR/hgmRb/nJwy1J/L0uSH4o7zN4I/BuA9iE=",
            "registry_read": false,
            "registry_write": false,
            "resource_group_name": "testIoH-stream-iot",
            "secondary_connection_string": "HostName=demo-stream-iot-iothub.azure-devices.net;SharedAccessKeyName=access-streamanalytics;SharedAccessKey=7yrj4iGd8xBJOTdrzlcZnpv3x44Gpnb1WV7XLIZk94w=",
            "secondary_key": "7yrj4iGd8xBJOTdrzlcZnpv3x44Gpnb1WV7XLIZk94w=",
            "service_connect": true
          },
          "private": "bnVsbA==",
          "dependencies": [
            "azurerm_iothub.iotHub",
            "azurerm_resource_group.testIoH",
            "azurerm_storage_account.storage-account",
            "azurerm_storage_container.storage-container",
            "random_string.random-name"
          ]
        }
      ]
    },
    {
      "mode": "managed",
      "type": "azurerm_resource_group",
      "name": "testIoH",
      "provider": "provider.azurerm",
      "instances": [
        {
          "schema_version": 0,
          "attributes": {
            "id": "/subscriptions/53e27966-3c0c-4161-9b47-3df43eabc630/resourceGroups/testIoH-stream-iot",
            "location": "westeurope",
            "name": "testIoH-stream-iot",
            "tags": {}
          },
          "private": "bnVsbA=="
        }
      ]
    },
    {
      "mode": "managed",
      "type": "azurerm_storage_account",
      "name": "storage-account",
      "provider": "provider.azurerm",
      "instances": [
        {
          "schema_version": 2,
          "attributes": {
            "access_tier": "Hot",
            "account_encryption_source": "Microsoft.Storage",
            "account_kind": "StorageV2",
            "account_replication_type": "LRS",
            "account_tier": "Standard",
            "account_type": "Standard_LRS",
            "custom_domain": [],
            "enable_advanced_threat_protection": false,
            "enable_blob_encryption": true,
            "enable_file_encryption": true,
            "enable_https_traffic_only": false,
            "id": "/subscriptions/53e27966-3c0c-4161-9b47-3df43eabc630/resourceGroups/testIoH-stream-iot/providers/Microsoft.Storage/storageAccounts/trainingsayepk6",
            "identity": [],
            "is_hns_enabled": true,
            "location": "westeurope",
            "name": "trainingsayepk6",
            "network_rules": [],
            "primary_access_key": "rMiXYEcAwWwWTECuArNZAPRmNgfvFsODpmMh/sHFOZmJYpsp50OAVduGnSJYyeIR97H74NSnTZfPep4ZeQgmDQ==",
            "primary_blob_connection_string": "DefaultEndpointsProtocol=https;BlobEndpoint=https://trainingsayepk6.blob.core.windows.net/;AccountName=trainingsayepk6;AccountKey=rMiXYEcAwWwWTECuArNZAPRmNgfvFsODpmMh/sHFOZmJYpsp50OAVduGnSJYyeIR97H74NSnTZfPep4ZeQgmDQ==",
            "primary_blob_endpoint": "https://trainingsayepk6.blob.core.windows.net/",
            "primary_blob_host": "trainingsayepk6.blob.core.windows.net",
            "primary_connection_string": "DefaultEndpointsProtocol=https;AccountName=trainingsayepk6;AccountKey=rMiXYEcAwWwWTECuArNZAPRmNgfvFsODpmMh/sHFOZmJYpsp50OAVduGnSJYyeIR97H74NSnTZfPep4ZeQgmDQ==;EndpointSuffix=core.windows.net",
            "primary_dfs_endpoint": "https://trainingsayepk6.dfs.core.windows.net/",
            "primary_dfs_host": "trainingsayepk6.dfs.core.windows.net",
            "primary_file_endpoint": "https://trainingsayepk6.file.core.windows.net/",
            "primary_file_host": "trainingsayepk6.file.core.windows.net",
            "primary_location": "westeurope",
            "primary_queue_endpoint": "https://trainingsayepk6.queue.core.windows.net/",
            "primary_queue_host": "trainingsayepk6.queue.core.windows.net",
            "primary_table_endpoint": "https://trainingsayepk6.table.core.windows.net/",
            "primary_table_host": "trainingsayepk6.table.core.windows.net",
            "primary_web_endpoint": "https://trainingsayepk6.z6.web.core.windows.net/",
            "primary_web_host": "trainingsayepk6.z6.web.core.windows.net",
            "queue_properties": [
              {
                "cors_rule": [],
                "hour_metrics": [
                  {
                    "enabled": true,
                    "include_apis": true,
                    "retention_policy_days": 7,
                    "version": "1.0"
                  }
                ],
                "logging": [
                  {
                    "delete": false,
                    "read": false,
                    "retention_policy_days": 0,
                    "version": "1.0",
                    "write": false
                  }
                ],
                "minute_metrics": [
                  {
                    "enabled": false,
                    "include_apis": false,
                    "retention_policy_days": 0,
                    "version": "1.0"
                  }
                ]
              }
            ],
            "resource_group_name": "testIoH-stream-iot",
            "secondary_access_key": "6cf8oJB1EhRvhqsU+BenKu8jbSc3YY/DwRcll6liyupzc3LR4VuORVImKA1kJy/o2Ri8g3UOeca2E8ktDP+QJw==",
            "secondary_blob_connection_string": "",
            "secondary_blob_endpoint": null,
            "secondary_blob_host": null,
            "secondary_connection_string": "DefaultEndpointsProtocol=https;AccountName=trainingsayepk6;AccountKey=6cf8oJB1EhRvhqsU+BenKu8jbSc3YY/DwRcll6liyupzc3LR4VuORVImKA1kJy/o2Ri8g3UOeca2E8ktDP+QJw==;EndpointSuffix=core.windows.net",
            "secondary_dfs_endpoint": null,
            "secondary_dfs_host": null,
            "secondary_file_endpoint": null,
            "secondary_file_host": null,
            "secondary_location": "",
            "secondary_queue_endpoint": null,
            "secondary_queue_host": null,
            "secondary_table_endpoint": null,
            "secondary_table_host": null,
            "secondary_web_endpoint": null,
            "secondary_web_host": null,
            "tags": {}
          },
          "private": "eyJzY2hlbWFfdmVyc2lvbiI6IjIifQ==",
          "dependencies": [
            "azurerm_resource_group.testIoH",
            "random_string.random-name"
          ]
        }
      ]
    },
    {
      "mode": "managed",
      "type": "azurerm_storage_container",
      "name": "storage-container",
      "provider": "provider.azurerm",
      "instances": [
        {
          "schema_version": 1,
          "attributes": {
            "container_access_type": "private",
            "has_immutability_policy": false,
            "has_legal_hold": false,
            "id": "https://trainingsayepk6.blob.core.windows.net/trainingcoyepk6",
            "metadata": {},
            "name": "trainingcoyepk6",
            "properties": {
              "last_modified": "Wed, 27 May 2020 20:31:52 GMT",
              "lease_duration": "",
              "lease_state": "available",
              "lease_status": "unlocked"
            },
            "resource_group_name": "testIoH-stream-iot",
            "storage_account_name": "trainingsayepk6"
          },
          "private": "eyJzY2hlbWFfdmVyc2lvbiI6IjEifQ==",
          "dependencies": [
            "azurerm_resource_group.testIoH",
            "azurerm_storage_account.storage-account",
            "random_string.random-name"
          ]
        }
      ]
    },
    {
      "mode": "managed",
      "type": "azurerm_stream_analytics_job",
      "name": "stream-analytics",
      "provider": "provider.azurerm",
      "instances": [
        {
          "schema_version": 0,
          "attributes": {
            "compatibility_level": "1.1",
            "data_locale": "en-US",
            "events_late_arrival_max_delay_in_seconds": 5,
            "events_out_of_order_max_delay_in_seconds": 0,
            "events_out_of_order_policy": "Adjust",
            "id": "/subscriptions/53e27966-3c0c-4161-9b47-3df43eabc630/resourceGroups/testIoH-stream-iot/providers/Microsoft.StreamAnalytics/streamingjobs/testIoH-stream-iot",
            "job_id": "e166b647-995e-4933-8df2-0619cc5b2cf9",
            "location": "westeurope",
            "name": "testIoH-stream-iot",
            "output_error_policy": "Drop",
            "resource_group_name": "testIoH-stream-iot",
            "streaming_units": 1,
            "tags": {},
            "transformation_query": "    SELECT *\n    INTO BlobOutput\n    FROM IotHub\n    HAVING Temperature \u003e 25\n"
          },
          "private": "bnVsbA==",
          "dependencies": [
            "azurerm_resource_group.testIoH"
          ]
        }
      ]
    },
    {
      "mode": "managed",
      "type": "azurerm_stream_analytics_output_blob",
      "name": "blob-output",
      "provider": "provider.azurerm",
      "instances": [
        {
          "schema_version": 0,
          "attributes": {
            "date_format": "yyyy-MM-dd",
            "id": "/subscriptions/53e27966-3c0c-4161-9b47-3df43eabc630/resourceGroups/testIoH-stream-iot/providers/Microsoft.StreamAnalytics/streamingjobs/testIoH-stream-iot/outputs/BlobOutput",
            "name": "BlobOutput",
            "path_pattern": "outputs/{date}:{time}",
            "resource_group_name": "testIoH-stream-iot",
            "serialization": [
              {
                "encoding": "UTF8",
                "field_delimiter": "",
                "format": "LineSeparated",
                "type": "Json"
              }
            ],
            "storage_account_key": "rMiXYEcAwWwWTECuArNZAPRmNgfvFsODpmMh/sHFOZmJYpsp50OAVduGnSJYyeIR97H74NSnTZfPep4ZeQgmDQ==",
            "storage_account_name": "trainingsayepk6",
            "storage_container_name": "trainingcoyepk6",
            "stream_analytics_job_name": "testIoH-stream-iot",
            "time_format": "HH"
          },
          "private": "bnVsbA==",
          "dependencies": [
            "azurerm_resource_group.testIoH",
            "azurerm_storage_account.storage-account",
            "azurerm_storage_container.storage-container",
            "azurerm_stream_analytics_job.stream-analytics",
            "random_string.random-name"
          ]
        }
      ]
    },
    {
      "mode": "managed",
      "type": "azurerm_stream_analytics_stream_input_iothub",
      "name": "streamInput",
      "provider": "provider.azurerm",
      "instances": [
        {
          "schema_version": 0,
          "attributes": {
            "endpoint": "messages/events",
            "eventhub_consumer_group_name": "cgstreamanalytics",
            "id": "/subscriptions/53e27966-3c0c-4161-9b47-3df43eabc630/resourceGroups/testIoH-stream-iot/providers/Microsoft.StreamAnalytics/streamingjobs/testIoH-stream-iot/inputs/IotHub",
            "iothub_namespace": "demo-stream-iot-iothub",
            "name": "IotHub",
            "resource_group_name": "testIoH-stream-iot",
            "serialization": [
              {
                "encoding": "UTF8",
                "field_delimiter": "",
                "type": "Json"
              }
            ],
            "shared_access_policy_key": "FQ3z2hJoqR/hgmRb/nJwy1J/L0uSH4o7zN4I/BuA9iE=",
            "shared_access_policy_name": "access-streamanalytics",
            "stream_analytics_job_name": "testIoH-stream-iot"
          },
          "private": "bnVsbA==",
          "dependencies": [
            "azurerm_iothub.iotHub",
            "azurerm_iothub_consumer_group.consumer-group",
            "azurerm_iothub_shared_access_policy.access-policy",
            "azurerm_resource_group.testIoH",
            "azurerm_storage_account.storage-account",
            "azurerm_storage_container.storage-container",
            "azurerm_stream_analytics_job.stream-analytics",
            "random_string.random-name"
          ]
        }
      ]
    },
    {
      "mode": "managed",
      "type": "random_string",
      "name": "random-name",
      "provider": "provider.random",
      "instances": [
        {
          "schema_version": 1,
          "attributes": {
            "id": "yepk6",
            "keepers": null,
            "length": 5,
            "lower": true,
            "min_lower": 0,
            "min_numeric": 0,
            "min_special": 0,
            "min_upper": 0,
            "number": true,
            "override_special": null,
            "result": "yepk6",
            "special": false,
            "upper": false
          },
          "private": "eyJzY2hlbWFfdmVyc2lvbiI6IjEifQ=="
        }
      ]
    }
  ]
}
